
Microsoft Visual Studio Solution File, Format Version 12.00
# Visual Studio Version 16
VisualStudioVersion = 16.0.31829.152
MinimumVisualStudioVersion = 10.0.40219.1
Project("{888888A0-9F3D-457C-B088-3A5042F75D52}") = "Кейс1", "Кейс1\Кейс1.pyproj", "{420B31A7-781E-45DD-8ECB-A0728F64F341}"
EndProject
Global
	GlobalSection(SolutionConfigurationPlatforms) = preSolution
		Debug|Any CPU = Debug|Any CPU
		Release|Any CPU = Release|Any CPU
	EndGlobalSection
	GlobalSection(ProjectConfigurationPlatforms) = postSolution
		{420B31A7-781E-45DD-8ECB-A0728F64F341}.Debug|Any CPU.ActiveCfg = Debug|Any CPU
		{420B31A7-781E-45DD-8ECB-A0728F64F341}.Release|Any CPU.ActiveCfg = Release|Any CPU
	EndGlobalSection
	GlobalSection(SolutionProperties) = preSolution
		HideSolutionNode = FALSE
	EndGlobalSection
	GlobalSection(ExtensibilityGlobals) = postSolution
		SolutionGuid = {0CE62F77-4B53-4C52-A553-1FD86EEA0FAC}
	EndGlobalSection
EndGlobal
