
Microsoft Visual Studio Solution File, Format Version 12.00
# Visual Studio Version 16
VisualStudioVersion = 16.0.31829.152
MinimumVisualStudioVersion = 10.0.40219.1
Project("{888888A0-9F3D-457C-B088-3A5042F75D52}") = "Словари1", "Словари1.pyproj", "{E4FB62A4-E22D-4F31-9A25-55124EB9F143}"
EndProject
Global
	GlobalSection(SolutionConfigurationPlatforms) = preSolution
		Debug|Any CPU = Debug|Any CPU
		Release|Any CPU = Release|Any CPU
	EndGlobalSection
	GlobalSection(ProjectConfigurationPlatforms) = postSolution
		{E4FB62A4-E22D-4F31-9A25-55124EB9F143}.Debug|Any CPU.ActiveCfg = Debug|Any CPU
		{E4FB62A4-E22D-4F31-9A25-55124EB9F143}.Release|Any CPU.ActiveCfg = Release|Any CPU
	EndGlobalSection
	GlobalSection(SolutionProperties) = preSolution
		HideSolutionNode = FALSE
	EndGlobalSection
	GlobalSection(ExtensibilityGlobals) = postSolution
		SolutionGuid = {737572D2-1DF2-4B36-8B6E-A31B1B750DB3}
	EndGlobalSection
EndGlobal
