
Microsoft Visual Studio Solution File, Format Version 12.00
# Visual Studio Version 16
VisualStudioVersion = 16.0.31829.152
MinimumVisualStudioVersion = 10.0.40219.1
Project("{888888A0-9F3D-457C-B088-3A5042F75D52}") = "Словари2", "Словари2.pyproj", "{A7A66AB6-7D09-4F2D-8CE1-097682D0BBAE}"
EndProject
Global
	GlobalSection(SolutionConfigurationPlatforms) = preSolution
		Debug|Any CPU = Debug|Any CPU
		Release|Any CPU = Release|Any CPU
	EndGlobalSection
	GlobalSection(ProjectConfigurationPlatforms) = postSolution
		{A7A66AB6-7D09-4F2D-8CE1-097682D0BBAE}.Debug|Any CPU.ActiveCfg = Debug|Any CPU
		{A7A66AB6-7D09-4F2D-8CE1-097682D0BBAE}.Release|Any CPU.ActiveCfg = Release|Any CPU
	EndGlobalSection
	GlobalSection(SolutionProperties) = preSolution
		HideSolutionNode = FALSE
	EndGlobalSection
	GlobalSection(ExtensibilityGlobals) = postSolution
		SolutionGuid = {E44A7A90-7572-4603-AACF-A5A24B156465}
	EndGlobalSection
EndGlobal
