
Microsoft Visual Studio Solution File, Format Version 12.00
# Visual Studio Version 16
VisualStudioVersion = 16.0.31829.152
MinimumVisualStudioVersion = 10.0.40219.1
Project("{888888A0-9F3D-457C-B088-3A5042F75D52}") = "Списки2", "Списки2.pyproj", "{A0868065-50BE-4AAA-A6D4-1B05C8E5D866}"
EndProject
Global
	GlobalSection(SolutionConfigurationPlatforms) = preSolution
		Debug|Any CPU = Debug|Any CPU
		Release|Any CPU = Release|Any CPU
	EndGlobalSection
	GlobalSection(ProjectConfigurationPlatforms) = postSolution
		{A0868065-50BE-4AAA-A6D4-1B05C8E5D866}.Debug|Any CPU.ActiveCfg = Debug|Any CPU
		{A0868065-50BE-4AAA-A6D4-1B05C8E5D866}.Release|Any CPU.ActiveCfg = Release|Any CPU
	EndGlobalSection
	GlobalSection(SolutionProperties) = preSolution
		HideSolutionNode = FALSE
	EndGlobalSection
	GlobalSection(ExtensibilityGlobals) = postSolution
		SolutionGuid = {59F5DCBF-8AA8-411D-AB29-8F6BAACC0895}
	EndGlobalSection
EndGlobal
