
Microsoft Visual Studio Solution File, Format Version 12.00
# Visual Studio Version 16
VisualStudioVersion = 16.0.31829.152
MinimumVisualStudioVersion = 10.0.40219.1
Project("{888888A0-9F3D-457C-B088-3A5042F75D52}") = "Управляемые_потоки1", "Управляемые_потоки1.pyproj", "{E7C88FB5-B67C-4529-BF62-77E3B2809250}"
EndProject
Global
	GlobalSection(SolutionConfigurationPlatforms) = preSolution
		Debug|Any CPU = Debug|Any CPU
		Release|Any CPU = Release|Any CPU
	EndGlobalSection
	GlobalSection(ProjectConfigurationPlatforms) = postSolution
		{E7C88FB5-B67C-4529-BF62-77E3B2809250}.Debug|Any CPU.ActiveCfg = Debug|Any CPU
		{E7C88FB5-B67C-4529-BF62-77E3B2809250}.Release|Any CPU.ActiveCfg = Release|Any CPU
	EndGlobalSection
	GlobalSection(SolutionProperties) = preSolution
		HideSolutionNode = FALSE
	EndGlobalSection
	GlobalSection(ExtensibilityGlobals) = postSolution
		SolutionGuid = {C465CEE7-BBC7-4543-8D31-7F9490F798EA}
	EndGlobalSection
EndGlobal
