
Microsoft Visual Studio Solution File, Format Version 12.00
# Visual Studio Version 16
VisualStudioVersion = 16.0.31829.152
MinimumVisualStudioVersion = 10.0.40219.1
Project("{888888A0-9F3D-457C-B088-3A5042F75D52}") = "Строки2", "Строки2\Строки2.pyproj", "{E7A29A99-5ED7-476D-90B2-FE65589A648C}"
EndProject
Global
	GlobalSection(SolutionConfigurationPlatforms) = preSolution
		Debug|Any CPU = Debug|Any CPU
		Release|Any CPU = Release|Any CPU
	EndGlobalSection
	GlobalSection(ProjectConfigurationPlatforms) = postSolution
		{E7A29A99-5ED7-476D-90B2-FE65589A648C}.Debug|Any CPU.ActiveCfg = Debug|Any CPU
		{E7A29A99-5ED7-476D-90B2-FE65589A648C}.Release|Any CPU.ActiveCfg = Release|Any CPU
	EndGlobalSection
	GlobalSection(SolutionProperties) = preSolution
		HideSolutionNode = FALSE
	EndGlobalSection
	GlobalSection(ExtensibilityGlobals) = postSolution
		SolutionGuid = {A87E13F2-13B6-4463-B3A7-7398BD827ACB}
	EndGlobalSection
EndGlobal
