
Microsoft Visual Studio Solution File, Format Version 12.00
# Visual Studio Version 16
VisualStudioVersion = 16.0.31829.152
MinimumVisualStudioVersion = 10.0.40219.1
Project("{888888A0-9F3D-457C-B088-3A5042F75D52}") = "Cycle1", "Cycle1\Cycle1.pyproj", "{1B89D461-DDB8-4C07-BF84-F47A9B14C7B6}"
EndProject
Global
	GlobalSection(SolutionConfigurationPlatforms) = preSolution
		Debug|Any CPU = Debug|Any CPU
		Release|Any CPU = Release|Any CPU
	EndGlobalSection
	GlobalSection(ProjectConfigurationPlatforms) = postSolution
		{1B89D461-DDB8-4C07-BF84-F47A9B14C7B6}.Debug|Any CPU.ActiveCfg = Debug|Any CPU
		{1B89D461-DDB8-4C07-BF84-F47A9B14C7B6}.Release|Any CPU.ActiveCfg = Release|Any CPU
	EndGlobalSection
	GlobalSection(SolutionProperties) = preSolution
		HideSolutionNode = FALSE
	EndGlobalSection
	GlobalSection(ExtensibilityGlobals) = postSolution
		SolutionGuid = {905D39B3-4C71-4891-A8E5-989360EDFDE1}
	EndGlobalSection
EndGlobal
