
Microsoft Visual Studio Solution File, Format Version 12.00
# Visual Studio Version 16
VisualStudioVersion = 16.0.31829.152
MinimumVisualStudioVersion = 10.0.40219.1
Project("{888888A0-9F3D-457C-B088-3A5042F75D52}") = "Классы задания", "Классы задания.pyproj", "{FBF62BE0-B744-468A-B530-A13F0DDB0D4E}"
EndProject
Global
	GlobalSection(SolutionConfigurationPlatforms) = preSolution
		Debug|Any CPU = Debug|Any CPU
		Release|Any CPU = Release|Any CPU
	EndGlobalSection
	GlobalSection(ProjectConfigurationPlatforms) = postSolution
		{FBF62BE0-B744-468A-B530-A13F0DDB0D4E}.Debug|Any CPU.ActiveCfg = Debug|Any CPU
		{FBF62BE0-B744-468A-B530-A13F0DDB0D4E}.Release|Any CPU.ActiveCfg = Release|Any CPU
	EndGlobalSection
	GlobalSection(SolutionProperties) = preSolution
		HideSolutionNode = FALSE
	EndGlobalSection
	GlobalSection(ExtensibilityGlobals) = postSolution
		SolutionGuid = {523B5C59-7C1F-4F7F-BEA7-8CBCF2E1151C}
	EndGlobalSection
EndGlobal
