
Microsoft Visual Studio Solution File, Format Version 12.00
# Visual Studio Version 16
VisualStudioVersion = 16.0.31829.152
MinimumVisualStudioVersion = 10.0.40219.1
Project("{888888A0-9F3D-457C-B088-3A5042F75D52}") = "Классы", "Классы.pyproj", "{7216A3A8-B585-4207-80D7-EDCCD9333FF3}"
EndProject
Global
	GlobalSection(SolutionConfigurationPlatforms) = preSolution
		Debug|Any CPU = Debug|Any CPU
		Release|Any CPU = Release|Any CPU
	EndGlobalSection
	GlobalSection(ProjectConfigurationPlatforms) = postSolution
		{7216A3A8-B585-4207-80D7-EDCCD9333FF3}.Debug|Any CPU.ActiveCfg = Debug|Any CPU
		{7216A3A8-B585-4207-80D7-EDCCD9333FF3}.Release|Any CPU.ActiveCfg = Release|Any CPU
	EndGlobalSection
	GlobalSection(SolutionProperties) = preSolution
		HideSolutionNode = FALSE
	EndGlobalSection
	GlobalSection(ExtensibilityGlobals) = postSolution
		SolutionGuid = {48B90758-3CE6-4478-874D-7F34C5178001}
	EndGlobalSection
EndGlobal
